
Microsoft Visual Studio Solution File, Format Version 12.00
# Visual Studio Version 17
VisualStudioVersion = 17.5.002.0
MinimumVisualStudioVersion = 10.0.40219.1
Project("{9A19103F-16F7-4668-BE54-9A1E7A4F7556}") = "LearningRazor", "LearningRazor.csproj", "{1395AFA5-9294-4E12-9185-9C22F9BA94D6}"
EndProject
Global
	GlobalSection(SolutionConfigurationPlatforms) = preSolution
		Debug|Any CPU = Debug|Any CPU
		Release|Any CPU = Release|Any CPU
	EndGlobalSection
	GlobalSection(ProjectConfigurationPlatforms) = postSolution
		{1395AFA5-9294-4E12-9185-9C22F9BA94D6}.Debug|Any CPU.ActiveCfg = Debug|Any CPU
		{1395AFA5-9294-4E12-9185-9C22F9BA94D6}.Debug|Any CPU.Build.0 = Debug|Any CPU
		{1395AFA5-9294-4E12-9185-9C22F9BA94D6}.Release|Any CPU.ActiveCfg = Release|Any CPU
		{1395AFA5-9294-4E12-9185-9C22F9BA94D6}.Release|Any CPU.Build.0 = Release|Any CPU
	EndGlobalSection
	GlobalSection(SolutionProperties) = preSolution
		HideSolutionNode = FALSE
	EndGlobalSection
	GlobalSection(ExtensibilityGlobals) = postSolution
		SolutionGuid = {A0C07612-2BC1-4D96-9607-C8F0CFB4A429}
	EndGlobalSection
EndGlobal
